
Microsoft Visual Studio Solution File, Format Version 12.00
# Visual Studio Version 16
VisualStudioVersion = 16.0.32228.343
MinimumVisualStudioVersion = 10.0.40219.1
Project("{FAE04EC0-301F-11D3-BF4B-00C04F79EFBC}") = "the_program_for_printing", "the_program_for_printing\the_program_for_printing.csproj", "{DEEEA848-0704-4A41-A6FE-F6D17675B62D}"
EndProject
Global
	GlobalSection(SolutionConfigurationPlatforms) = preSolution
		Debug|Any CPU = Debug|Any CPU
		Release|Any CPU = Release|Any CPU
	EndGlobalSection
	GlobalSection(ProjectConfigurationPlatforms) = postSolution
		{DEEEA848-0704-4A41-A6FE-F6D17675B62D}.Debug|Any CPU.ActiveCfg = Debug|Any CPU
		{DEEEA848-0704-4A41-A6FE-F6D17675B62D}.Debug|Any CPU.Build.0 = Debug|Any CPU
		{DEEEA848-0704-4A41-A6FE-F6D17675B62D}.Release|Any CPU.ActiveCfg = Release|Any CPU
		{DEEEA848-0704-4A41-A6FE-F6D17675B62D}.Release|Any CPU.Build.0 = Release|Any CPU
	EndGlobalSection
	GlobalSection(SolutionProperties) = preSolution
		HideSolutionNode = FALSE
	EndGlobalSection
	GlobalSection(ExtensibilityGlobals) = postSolution
		SolutionGuid = {C1F125AA-E34B-41E1-B6CE-F87EE5FAEFAF}
	EndGlobalSection
EndGlobal
